
Microsoft Visual Studio Solution File, Format Version 12.00
# Visual Studio Version 16
VisualStudioVersion = 16.0.29418.71
MinimumVisualStudioVersion = 10.0.40219.1
Project("{FAE04EC0-301F-11D3-BF4B-00C04F79EFBC}") = "Task2", "Task2\Task2.csproj", "{579A8D78-E1BD-40CF-A801-952139A51120}"
EndProject
Global
	GlobalSection(SolutionConfigurationPlatforms) = preSolution
		Debug|Any CPU = Debug|Any CPU
		Release|Any CPU = Release|Any CPU
	EndGlobalSection
	GlobalSection(ProjectConfigurationPlatforms) = postSolution
		{579A8D78-E1BD-40CF-A801-952139A51120}.Debug|Any CPU.ActiveCfg = Debug|Any CPU
		{579A8D78-E1BD-40CF-A801-952139A51120}.Debug|Any CPU.Build.0 = Debug|Any CPU
		{579A8D78-E1BD-40CF-A801-952139A51120}.Release|Any CPU.ActiveCfg = Release|Any CPU
		{579A8D78-E1BD-40CF-A801-952139A51120}.Release|Any CPU.Build.0 = Release|Any CPU
	EndGlobalSection
	GlobalSection(SolutionProperties) = preSolution
		HideSolutionNode = FALSE
	EndGlobalSection
	GlobalSection(ExtensibilityGlobals) = postSolution
		SolutionGuid = {57E4ECC7-1B5E-4A8C-9D68-242BE8C7F577}
	EndGlobalSection
EndGlobal
