
Microsoft Visual Studio Solution File, Format Version 12.00
# Visual Studio Version 16
VisualStudioVersion = 16.0.29215.179
MinimumVisualStudioVersion = 10.0.40219.1
Project("{FAE04EC0-301F-11D3-BF4B-00C04F79EFBC}") = "RandomNumberExample", "RandomNumberExample\RandomNumberExample.csproj", "{F33490D0-2997-4081-A7D2-CE50C17B318F}"
EndProject
Global
	GlobalSection(SolutionConfigurationPlatforms) = preSolution
		Debug|Any CPU = Debug|Any CPU
		Release|Any CPU = Release|Any CPU
	EndGlobalSection
	GlobalSection(ProjectConfigurationPlatforms) = postSolution
		{F33490D0-2997-4081-A7D2-CE50C17B318F}.Debug|Any CPU.ActiveCfg = Debug|Any CPU
		{F33490D0-2997-4081-A7D2-CE50C17B318F}.Debug|Any CPU.Build.0 = Debug|Any CPU
		{F33490D0-2997-4081-A7D2-CE50C17B318F}.Release|Any CPU.ActiveCfg = Release|Any CPU
		{F33490D0-2997-4081-A7D2-CE50C17B318F}.Release|Any CPU.Build.0 = Release|Any CPU
	EndGlobalSection
	GlobalSection(SolutionProperties) = preSolution
		HideSolutionNode = FALSE
	EndGlobalSection
	GlobalSection(ExtensibilityGlobals) = postSolution
		SolutionGuid = {7821C0C2-2B73-4512-86E4-B57AC54157EE}
	EndGlobalSection
EndGlobal
