
Microsoft Visual Studio Solution File, Format Version 12.00
# Visual Studio Version 16
VisualStudioVersion = 16.0.29509.3
MinimumVisualStudioVersion = 10.0.40219.1
Project("{FAE04EC0-301F-11D3-BF4B-00C04F79EFBC}") = "StringTask1", "StringTask1\StringTask1.csproj", "{AD52A1DF-2260-4D8E-BB3D-F16BF7451D51}"
EndProject
Global
	GlobalSection(SolutionConfigurationPlatforms) = preSolution
		Debug|Any CPU = Debug|Any CPU
		Release|Any CPU = Release|Any CPU
	EndGlobalSection
	GlobalSection(ProjectConfigurationPlatforms) = postSolution
		{AD52A1DF-2260-4D8E-BB3D-F16BF7451D51}.Debug|Any CPU.ActiveCfg = Debug|Any CPU
		{AD52A1DF-2260-4D8E-BB3D-F16BF7451D51}.Debug|Any CPU.Build.0 = Debug|Any CPU
		{AD52A1DF-2260-4D8E-BB3D-F16BF7451D51}.Release|Any CPU.ActiveCfg = Release|Any CPU
		{AD52A1DF-2260-4D8E-BB3D-F16BF7451D51}.Release|Any CPU.Build.0 = Release|Any CPU
	EndGlobalSection
	GlobalSection(SolutionProperties) = preSolution
		HideSolutionNode = FALSE
	EndGlobalSection
	GlobalSection(ExtensibilityGlobals) = postSolution
		SolutionGuid = {CB45533C-B923-4D79-BDF2-444E209B861F}
	EndGlobalSection
EndGlobal
