
Microsoft Visual Studio Solution File, Format Version 12.00
# Visual Studio Version 16
VisualStudioVersion = 16.0.29215.179
MinimumVisualStudioVersion = 10.0.40219.1
Project("{FAE04EC0-301F-11D3-BF4B-00C04F79EFBC}") = "ExmapleAverage", "ExmapleAverage\ExmapleAverage.csproj", "{C2664108-1C53-4C53-933A-24CA3AF13DBF}"
EndProject
Global
	GlobalSection(SolutionConfigurationPlatforms) = preSolution
		Debug|Any CPU = Debug|Any CPU
		Release|Any CPU = Release|Any CPU
	EndGlobalSection
	GlobalSection(ProjectConfigurationPlatforms) = postSolution
		{C2664108-1C53-4C53-933A-24CA3AF13DBF}.Debug|Any CPU.ActiveCfg = Debug|Any CPU
		{C2664108-1C53-4C53-933A-24CA3AF13DBF}.Debug|Any CPU.Build.0 = Debug|Any CPU
		{C2664108-1C53-4C53-933A-24CA3AF13DBF}.Release|Any CPU.ActiveCfg = Release|Any CPU
		{C2664108-1C53-4C53-933A-24CA3AF13DBF}.Release|Any CPU.Build.0 = Release|Any CPU
	EndGlobalSection
	GlobalSection(SolutionProperties) = preSolution
		HideSolutionNode = FALSE
	EndGlobalSection
	GlobalSection(ExtensibilityGlobals) = postSolution
		SolutionGuid = {F79155B4-ECCF-41F8-B9B1-F08D300609D6}
	EndGlobalSection
EndGlobal
