
Microsoft Visual Studio Solution File, Format Version 12.00
# Visual Studio Version 16
VisualStudioVersion = 16.0.29215.179
MinimumVisualStudioVersion = 10.0.40219.1
Project("{FAE04EC0-301F-11D3-BF4B-00C04F79EFBC}") = "DiscountProgramExample", "DiscountProgramExample\DiscountProgramExample.csproj", "{9BC57C9B-DDBF-4123-81DC-511EE53ADE01}"
EndProject
Global
	GlobalSection(SolutionConfigurationPlatforms) = preSolution
		Debug|Any CPU = Debug|Any CPU
		Release|Any CPU = Release|Any CPU
	EndGlobalSection
	GlobalSection(ProjectConfigurationPlatforms) = postSolution
		{9BC57C9B-DDBF-4123-81DC-511EE53ADE01}.Debug|Any CPU.ActiveCfg = Debug|Any CPU
		{9BC57C9B-DDBF-4123-81DC-511EE53ADE01}.Debug|Any CPU.Build.0 = Debug|Any CPU
		{9BC57C9B-DDBF-4123-81DC-511EE53ADE01}.Release|Any CPU.ActiveCfg = Release|Any CPU
		{9BC57C9B-DDBF-4123-81DC-511EE53ADE01}.Release|Any CPU.Build.0 = Release|Any CPU
	EndGlobalSection
	GlobalSection(SolutionProperties) = preSolution
		HideSolutionNode = FALSE
	EndGlobalSection
	GlobalSection(ExtensibilityGlobals) = postSolution
		SolutionGuid = {BEC9A2CA-3EFA-49A2-987E-D4BBFA0E83B2}
	EndGlobalSection
EndGlobal
