
Microsoft Visual Studio Solution File, Format Version 12.00
# Visual Studio Version 16
VisualStudioVersion = 16.0.29215.179
MinimumVisualStudioVersion = 10.0.40219.1
Project("{FAE04EC0-301F-11D3-BF4B-00C04F79EFBC}") = "Kertoma", "Kertoma\Kertoma.csproj", "{4FDEBAFD-0875-46A1-B190-D2453DEA70D2}"
EndProject
Global
	GlobalSection(SolutionConfigurationPlatforms) = preSolution
		Debug|Any CPU = Debug|Any CPU
		Release|Any CPU = Release|Any CPU
	EndGlobalSection
	GlobalSection(ProjectConfigurationPlatforms) = postSolution
		{4FDEBAFD-0875-46A1-B190-D2453DEA70D2}.Debug|Any CPU.ActiveCfg = Debug|Any CPU
		{4FDEBAFD-0875-46A1-B190-D2453DEA70D2}.Debug|Any CPU.Build.0 = Debug|Any CPU
		{4FDEBAFD-0875-46A1-B190-D2453DEA70D2}.Release|Any CPU.ActiveCfg = Release|Any CPU
		{4FDEBAFD-0875-46A1-B190-D2453DEA70D2}.Release|Any CPU.Build.0 = Release|Any CPU
	EndGlobalSection
	GlobalSection(SolutionProperties) = preSolution
		HideSolutionNode = FALSE
	EndGlobalSection
	GlobalSection(ExtensibilityGlobals) = postSolution
		SolutionGuid = {549E9825-7B52-4EBB-BF3F-ACA01665C9D1}
	EndGlobalSection
EndGlobal
